
Microsoft Visual Studio Solution File, Format Version 12.00
# Visual Studio Version 17
VisualStudioVersion = 17.9.34701.34
MinimumVisualStudioVersion = 10.0.40219.1
Project("{9A19103F-16F7-4668-BE54-9A1E7A4F7556}") = "LLM_eCommerce_RESTAPI", "LLM_eCommerce_RESTAPI\LLM_eCommerce_RESTAPI.csproj", "{0EF1968C-BBA6-404A-8937-D79E9693CE16}"
EndProject
Project("{FAE04EC0-301F-11D3-BF4B-00C04F79EFBC}") = "RESTApi.NunitTests", "RESTApi.NunitTests\RESTApi.NunitTests.csproj", "{77AA4168-5A21-423E-8267-54A2D89E6DC1}"
EndProject
Global
	GlobalSection(SolutionConfigurationPlatforms) = preSolution
		Debug|Any CPU = Debug|Any CPU
		Release|Any CPU = Release|Any CPU
	EndGlobalSection
	GlobalSection(ProjectConfigurationPlatforms) = postSolution
		{0EF1968C-BBA6-404A-8937-D79E9693CE16}.Debug|Any CPU.ActiveCfg = Debug|Any CPU
		{0EF1968C-BBA6-404A-8937-D79E9693CE16}.Debug|Any CPU.Build.0 = Debug|Any CPU
		{0EF1968C-BBA6-404A-8937-D79E9693CE16}.Release|Any CPU.ActiveCfg = Release|Any CPU
		{0EF1968C-BBA6-404A-8937-D79E9693CE16}.Release|Any CPU.Build.0 = Release|Any CPU
		{77AA4168-5A21-423E-8267-54A2D89E6DC1}.Debug|Any CPU.ActiveCfg = Debug|Any CPU
		{77AA4168-5A21-423E-8267-54A2D89E6DC1}.Debug|Any CPU.Build.0 = Debug|Any CPU
		{77AA4168-5A21-423E-8267-54A2D89E6DC1}.Release|Any CPU.ActiveCfg = Release|Any CPU
		{77AA4168-5A21-423E-8267-54A2D89E6DC1}.Release|Any CPU.Build.0 = Release|Any CPU
	EndGlobalSection
	GlobalSection(SolutionProperties) = preSolution
		HideSolutionNode = FALSE
	EndGlobalSection
	GlobalSection(ExtensibilityGlobals) = postSolution
		SolutionGuid = {E0BE792D-2ED4-4F23-9D8A-A0206C7A23C5}
	EndGlobalSection
EndGlobal
